
Microsoft Visual Studio Solution File, Format Version 12.00
# Visual Studio Version 16
VisualStudioVersion = 16.0.32228.343
MinimumVisualStudioVersion = 10.0.40219.1
Project("{FAE04EC0-301F-11D3-BF4B-00C04F79EFBC}") = "DigitalBook", "DigitalBook\DigitalBook.csproj", "{044CABEA-5D19-43A2-AAC3-16EBB3AF4D54}"
EndProject
Global
	GlobalSection(SolutionConfigurationPlatforms) = preSolution
		Debug|Any CPU = Debug|Any CPU
		Release|Any CPU = Release|Any CPU
	EndGlobalSection
	GlobalSection(ProjectConfigurationPlatforms) = postSolution
		{044CABEA-5D19-43A2-AAC3-16EBB3AF4D54}.Debug|Any CPU.ActiveCfg = Debug|Any CPU
		{044CABEA-5D19-43A2-AAC3-16EBB3AF4D54}.Debug|Any CPU.Build.0 = Debug|Any CPU
		{044CABEA-5D19-43A2-AAC3-16EBB3AF4D54}.Release|Any CPU.ActiveCfg = Release|Any CPU
		{044CABEA-5D19-43A2-AAC3-16EBB3AF4D54}.Release|Any CPU.Build.0 = Release|Any CPU
	EndGlobalSection
	GlobalSection(SolutionProperties) = preSolution
		HideSolutionNode = FALSE
	EndGlobalSection
	GlobalSection(ExtensibilityGlobals) = postSolution
		SolutionGuid = {32AE0557-543B-4574-B2DC-23A96FB02049}
	EndGlobalSection
EndGlobal
